
Microsoft Visual Studio Solution File, Format Version 12.00
# Visual Studio 15
VisualStudioVersion = 15.0.27703.2047
MinimumVisualStudioVersion = 10.0.40219.1
Project("{2150E333-8FDC-42A3-9474-1A3956D46DE8}") = "各个代码的测试", "各个代码的测试", "{066CCE75-4042-4EC7-8429-0325BB6A1EDC}"
EndProject
Project("{8BC9CEB8-8B4A-11D0-8D11-00A0C91BC942}") = "运算符", "运算符\运算符.vcxproj", "{23048DBA-D3B7-49AB-9A67-5E6C46A7C7DD}"
EndProject
Project("{2150E333-8FDC-42A3-9474-1A3956D46DE8}") = "各种功能的实现", "各种功能的实现", "{E75D85CF-4669-4B27-8F88-983ED68749F6}"
EndProject
Project("{8BC9CEB8-8B4A-11D0-8D11-00A0C91BC942}") = "求分数等级", "求分数等级\求分数等级.vcxproj", "{2B7AFA25-FF96-4E96-BAA5-A5E640FC0FE1}"
EndProject
Project("{8BC9CEB8-8B4A-11D0-8D11-00A0C91BC942}") = "互换两个数", "互换两个数\互换两个数.vcxproj", "{89B4EEF6-75E5-44C7-ACE2-FAD8651FFAB5}"
EndProject
Project("{2150E333-8FDC-42A3-9474-1A3956D46DE8}") = "问题答疑", "问题答疑", "{B1D714DD-5F84-4019-BF95-559F8503DDA1}"
EndProject
Project("{8BC9CEB8-8B4A-11D0-8D11-00A0C91BC942}") = "求1到100之间的奇数之和", "求1到100之间的奇数之和\求1到100之间的奇数之和.vcxproj", "{0AB31BDA-6804-474C-A7D0-E03E18F963DF}"
EndProject
Project("{8BC9CEB8-8B4A-11D0-8D11-00A0C91BC942}") = "输入输出（char)", "输入输出（char)\输入输出（char).vcxproj", "{F36CEB45-7BC3-4D35-BAAA-A0AA25169BF4}"
EndProject
Project("{8BC9CEB8-8B4A-11D0-8D11-00A0C91BC942}") = "求1到100之间的奇数的个数", "求1到100之间的奇数的个数\求1到100之间的奇数的个数.vcxproj", "{A03473AB-368D-4779-AFED-75CD612461C0}"
EndProject
Project("{2150E333-8FDC-42A3-9474-1A3956D46DE8}") = "求100以内的奇数问题", "求100以内的奇数问题", "{C2BB64F7-6E2A-4C7C-9108-C2E7F9555E82}"
EndProject
Project("{8BC9CEB8-8B4A-11D0-8D11-00A0C91BC942}") = "求1到100之间的奇数的平均值", "求1到100之间的奇数的平均值\求1到100之间的奇数的平均值.vcxproj", "{A830F883-4410-4C13-887E-FA2AD87A6565}"
EndProject
Project("{8BC9CEB8-8B4A-11D0-8D11-00A0C91BC942}") = "求1到100之间的奇数之和， 再求1到100之间的偶数之和", "求1到100之间的奇数之和， 再求1到100之间的偶数之和\求1到100之间的奇数之和， 再求1到100之间的偶数之和.vcxproj", "{D27765CC-CDA8-4C8E-9E3D-508635FFDE7F}"
EndProject
Project("{8BC9CEB8-8B4A-11D0-8D11-00A0C91BC942}") = "用户登陆的实现", "用户登录的实现\代码检验.vcxproj", "{7FB51DB8-21B3-4596-8BEE-6FEA8B83D810}"
EndProject
Project("{8BC9CEB8-8B4A-11D0-8D11-00A0C91BC942}") = "输入输出（scanf）", "输入输出（scanf）\输入输出.vcxproj", "{6E9794BF-F352-4E6E-8A42-6F45CD8FBE9A}"
EndProject
Global
	GlobalSection(SolutionConfigurationPlatforms) = preSolution
		Debug|x64 = Debug|x64
		Debug|x86 = Debug|x86
		Release|x64 = Release|x64
		Release|x86 = Release|x86
	EndGlobalSection
	GlobalSection(ProjectConfigurationPlatforms) = postSolution
		{23048DBA-D3B7-49AB-9A67-5E6C46A7C7DD}.Debug|x64.ActiveCfg = Debug|x64
		{23048DBA-D3B7-49AB-9A67-5E6C46A7C7DD}.Debug|x64.Build.0 = Debug|x64
		{23048DBA-D3B7-49AB-9A67-5E6C46A7C7DD}.Debug|x86.ActiveCfg = Debug|Win32
		{23048DBA-D3B7-49AB-9A67-5E6C46A7C7DD}.Debug|x86.Build.0 = Debug|Win32
		{23048DBA-D3B7-49AB-9A67-5E6C46A7C7DD}.Release|x64.ActiveCfg = Release|x64
		{23048DBA-D3B7-49AB-9A67-5E6C46A7C7DD}.Release|x64.Build.0 = Release|x64
		{23048DBA-D3B7-49AB-9A67-5E6C46A7C7DD}.Release|x86.ActiveCfg = Release|Win32
		{23048DBA-D3B7-49AB-9A67-5E6C46A7C7DD}.Release|x86.Build.0 = Release|Win32
		{2B7AFA25-FF96-4E96-BAA5-A5E640FC0FE1}.Debug|x64.ActiveCfg = Debug|x64
		{2B7AFA25-FF96-4E96-BAA5-A5E640FC0FE1}.Debug|x64.Build.0 = Debug|x64
		{2B7AFA25-FF96-4E96-BAA5-A5E640FC0FE1}.Debug|x86.ActiveCfg = Debug|Win32
		{2B7AFA25-FF96-4E96-BAA5-A5E640FC0FE1}.Debug|x86.Build.0 = Debug|Win32
		{2B7AFA25-FF96-4E96-BAA5-A5E640FC0FE1}.Release|x64.ActiveCfg = Release|x64
		{2B7AFA25-FF96-4E96-BAA5-A5E640FC0FE1}.Release|x64.Build.0 = Release|x64
		{2B7AFA25-FF96-4E96-BAA5-A5E640FC0FE1}.Release|x86.ActiveCfg = Release|Win32
		{2B7AFA25-FF96-4E96-BAA5-A5E640FC0FE1}.Release|x86.Build.0 = Release|Win32
		{89B4EEF6-75E5-44C7-ACE2-FAD8651FFAB5}.Debug|x64.ActiveCfg = Debug|x64
		{89B4EEF6-75E5-44C7-ACE2-FAD8651FFAB5}.Debug|x64.Build.0 = Debug|x64
		{89B4EEF6-75E5-44C7-ACE2-FAD8651FFAB5}.Debug|x86.ActiveCfg = Debug|Win32
		{89B4EEF6-75E5-44C7-ACE2-FAD8651FFAB5}.Debug|x86.Build.0 = Debug|Win32
		{89B4EEF6-75E5-44C7-ACE2-FAD8651FFAB5}.Release|x64.ActiveCfg = Release|x64
		{89B4EEF6-75E5-44C7-ACE2-FAD8651FFAB5}.Release|x64.Build.0 = Release|x64
		{89B4EEF6-75E5-44C7-ACE2-FAD8651FFAB5}.Release|x86.ActiveCfg = Release|Win32
		{89B4EEF6-75E5-44C7-ACE2-FAD8651FFAB5}.Release|x86.Build.0 = Release|Win32
		{0AB31BDA-6804-474C-A7D0-E03E18F963DF}.Debug|x64.ActiveCfg = Debug|x64
		{0AB31BDA-6804-474C-A7D0-E03E18F963DF}.Debug|x64.Build.0 = Debug|x64
		{0AB31BDA-6804-474C-A7D0-E03E18F963DF}.Debug|x86.ActiveCfg = Debug|Win32
		{0AB31BDA-6804-474C-A7D0-E03E18F963DF}.Debug|x86.Build.0 = Debug|Win32
		{0AB31BDA-6804-474C-A7D0-E03E18F963DF}.Release|x64.ActiveCfg = Release|x64
		{0AB31BDA-6804-474C-A7D0-E03E18F963DF}.Release|x64.Build.0 = Release|x64
		{0AB31BDA-6804-474C-A7D0-E03E18F963DF}.Release|x86.ActiveCfg = Release|Win32
		{0AB31BDA-6804-474C-A7D0-E03E18F963DF}.Release|x86.Build.0 = Release|Win32
		{F36CEB45-7BC3-4D35-BAAA-A0AA25169BF4}.Debug|x64.ActiveCfg = Debug|x64
		{F36CEB45-7BC3-4D35-BAAA-A0AA25169BF4}.Debug|x64.Build.0 = Debug|x64
		{F36CEB45-7BC3-4D35-BAAA-A0AA25169BF4}.Debug|x86.ActiveCfg = Debug|Win32
		{F36CEB45-7BC3-4D35-BAAA-A0AA25169BF4}.Debug|x86.Build.0 = Debug|Win32
		{F36CEB45-7BC3-4D35-BAAA-A0AA25169BF4}.Release|x64.ActiveCfg = Release|x64
		{F36CEB45-7BC3-4D35-BAAA-A0AA25169BF4}.Release|x64.Build.0 = Release|x64
		{F36CEB45-7BC3-4D35-BAAA-A0AA25169BF4}.Release|x86.ActiveCfg = Release|Win32
		{F36CEB45-7BC3-4D35-BAAA-A0AA25169BF4}.Release|x86.Build.0 = Release|Win32
		{A03473AB-368D-4779-AFED-75CD612461C0}.Debug|x64.ActiveCfg = Debug|x64
		{A03473AB-368D-4779-AFED-75CD612461C0}.Debug|x64.Build.0 = Debug|x64
		{A03473AB-368D-4779-AFED-75CD612461C0}.Debug|x86.ActiveCfg = Debug|Win32
		{A03473AB-368D-4779-AFED-75CD612461C0}.Debug|x86.Build.0 = Debug|Win32
		{A03473AB-368D-4779-AFED-75CD612461C0}.Release|x64.ActiveCfg = Release|x64
		{A03473AB-368D-4779-AFED-75CD612461C0}.Release|x64.Build.0 = Release|x64
		{A03473AB-368D-4779-AFED-75CD612461C0}.Release|x86.ActiveCfg = Release|Win32
		{A03473AB-368D-4779-AFED-75CD612461C0}.Release|x86.Build.0 = Release|Win32
		{A830F883-4410-4C13-887E-FA2AD87A6565}.Debug|x64.ActiveCfg = Debug|x64
		{A830F883-4410-4C13-887E-FA2AD87A6565}.Debug|x64.Build.0 = Debug|x64
		{A830F883-4410-4C13-887E-FA2AD87A6565}.Debug|x86.ActiveCfg = Debug|Win32
		{A830F883-4410-4C13-887E-FA2AD87A6565}.Debug|x86.Build.0 = Debug|Win32
		{A830F883-4410-4C13-887E-FA2AD87A6565}.Release|x64.ActiveCfg = Release|x64
		{A830F883-4410-4C13-887E-FA2AD87A6565}.Release|x64.Build.0 = Release|x64
		{A830F883-4410-4C13-887E-FA2AD87A6565}.Release|x86.ActiveCfg = Release|Win32
		{A830F883-4410-4C13-887E-FA2AD87A6565}.Release|x86.Build.0 = Release|Win32
		{D27765CC-CDA8-4C8E-9E3D-508635FFDE7F}.Debug|x64.ActiveCfg = Debug|x64
		{D27765CC-CDA8-4C8E-9E3D-508635FFDE7F}.Debug|x64.Build.0 = Debug|x64
		{D27765CC-CDA8-4C8E-9E3D-508635FFDE7F}.Debug|x86.ActiveCfg = Debug|Win32
		{D27765CC-CDA8-4C8E-9E3D-508635FFDE7F}.Debug|x86.Build.0 = Debug|Win32
		{D27765CC-CDA8-4C8E-9E3D-508635FFDE7F}.Release|x64.ActiveCfg = Release|x64
		{D27765CC-CDA8-4C8E-9E3D-508635FFDE7F}.Release|x64.Build.0 = Release|x64
		{D27765CC-CDA8-4C8E-9E3D-508635FFDE7F}.Release|x86.ActiveCfg = Release|Win32
		{D27765CC-CDA8-4C8E-9E3D-508635FFDE7F}.Release|x86.Build.0 = Release|Win32
		{7FB51DB8-21B3-4596-8BEE-6FEA8B83D810}.Debug|x64.ActiveCfg = Debug|x64
		{7FB51DB8-21B3-4596-8BEE-6FEA8B83D810}.Debug|x64.Build.0 = Debug|x64
		{7FB51DB8-21B3-4596-8BEE-6FEA8B83D810}.Debug|x86.ActiveCfg = Debug|Win32
		{7FB51DB8-21B3-4596-8BEE-6FEA8B83D810}.Debug|x86.Build.0 = Debug|Win32
		{7FB51DB8-21B3-4596-8BEE-6FEA8B83D810}.Release|x64.ActiveCfg = Release|x64
		{7FB51DB8-21B3-4596-8BEE-6FEA8B83D810}.Release|x64.Build.0 = Release|x64
		{7FB51DB8-21B3-4596-8BEE-6FEA8B83D810}.Release|x86.ActiveCfg = Release|Win32
		{7FB51DB8-21B3-4596-8BEE-6FEA8B83D810}.Release|x86.Build.0 = Release|Win32
		{6E9794BF-F352-4E6E-8A42-6F45CD8FBE9A}.Debug|x64.ActiveCfg = Debug|x64
		{6E9794BF-F352-4E6E-8A42-6F45CD8FBE9A}.Debug|x64.Build.0 = Debug|x64
		{6E9794BF-F352-4E6E-8A42-6F45CD8FBE9A}.Debug|x86.ActiveCfg = Debug|Win32
		{6E9794BF-F352-4E6E-8A42-6F45CD8FBE9A}.Debug|x86.Build.0 = Debug|Win32
		{6E9794BF-F352-4E6E-8A42-6F45CD8FBE9A}.Release|x64.ActiveCfg = Release|x64
		{6E9794BF-F352-4E6E-8A42-6F45CD8FBE9A}.Release|x64.Build.0 = Release|x64
		{6E9794BF-F352-4E6E-8A42-6F45CD8FBE9A}.Release|x86.ActiveCfg = Release|Win32
		{6E9794BF-F352-4E6E-8A42-6F45CD8FBE9A}.Release|x86.Build.0 = Release|Win32
	EndGlobalSection
	GlobalSection(SolutionProperties) = preSolution
		HideSolutionNode = FALSE
	EndGlobalSection
	GlobalSection(NestedProjects) = preSolution
		{23048DBA-D3B7-49AB-9A67-5E6C46A7C7DD} = {066CCE75-4042-4EC7-8429-0325BB6A1EDC}
		{2B7AFA25-FF96-4E96-BAA5-A5E640FC0FE1} = {B1D714DD-5F84-4019-BF95-559F8503DDA1}
		{89B4EEF6-75E5-44C7-ACE2-FAD8651FFAB5} = {E75D85CF-4669-4B27-8F88-983ED68749F6}
		{0AB31BDA-6804-474C-A7D0-E03E18F963DF} = {C2BB64F7-6E2A-4C7C-9108-C2E7F9555E82}
		{F36CEB45-7BC3-4D35-BAAA-A0AA25169BF4} = {066CCE75-4042-4EC7-8429-0325BB6A1EDC}
		{A03473AB-368D-4779-AFED-75CD612461C0} = {C2BB64F7-6E2A-4C7C-9108-C2E7F9555E82}
		{C2BB64F7-6E2A-4C7C-9108-C2E7F9555E82} = {B1D714DD-5F84-4019-BF95-559F8503DDA1}
		{A830F883-4410-4C13-887E-FA2AD87A6565} = {C2BB64F7-6E2A-4C7C-9108-C2E7F9555E82}
		{D27765CC-CDA8-4C8E-9E3D-508635FFDE7F} = {C2BB64F7-6E2A-4C7C-9108-C2E7F9555E82}
		{7FB51DB8-21B3-4596-8BEE-6FEA8B83D810} = {E75D85CF-4669-4B27-8F88-983ED68749F6}
		{6E9794BF-F352-4E6E-8A42-6F45CD8FBE9A} = {066CCE75-4042-4EC7-8429-0325BB6A1EDC}
	EndGlobalSection
	GlobalSection(ExtensibilityGlobals) = postSolution
		SolutionGuid = {A422BFF9-526B-478F-A8FB-FC14C7795DC3}
	EndGlobalSection
EndGlobal
